
Microsoft Visual Studio Solution File, Format Version 12.00
# Visual Studio Version 17
VisualStudioVersion = 17.4.33213.308
MinimumVisualStudioVersion = 10.0.40219.1
Project("{D954291E-2A0B-460D-934E-DC6B0785DB48}") = "UnoBarcode.Shared", "UnoBarcode.Shared\UnoBarcode.Shared.shproj", "{6279C845-92F8-4333-AB99-3D213163593C}"
EndProject
Project("{2150E333-8FDC-42A3-9474-1A3956D46DE8}") = "Platforms", "Platforms", "{7F4C76A0-BC08-41B5-ACE0-F310A8A38B88}"
EndProject
Project("{FAE04EC0-301F-11D3-BF4B-00C04F79EFBC}") = "UnoBarcode.Droid", "UnoBarcode.Droid\UnoBarcode.Droid.csproj", "{C6894CF1-261F-4DE6-8D7B-8146D8225275}"
EndProject
Project("{FAE04EC0-301F-11D3-BF4B-00C04F79EFBC}") = "UnoBarcode.iOS", "UnoBarcode.iOS\UnoBarcode.iOS.csproj", "{6DCEECE8-96B0-4B36-A10B-084A3D4AFA13}"
EndProject
Project("{FAE04EC0-301F-11D3-BF4B-00C04F79EFBC}") = "UnoBarcode.UWP", "UnoBarcode.UWP\UnoBarcode.UWP.csproj", "{8BF04C77-E222-42C0-80E1-16AD5BF80BE8}"
EndProject
Project("{FAE04EC0-301F-11D3-BF4B-00C04F79EFBC}") = "UnoBarcode.Wasm", "UnoBarcode.Wasm\UnoBarcode.Wasm.csproj", "{53F883BC-9B12-4BE4-80D7-2475A9F18BDC}"
EndProject
Project("{FAE04EC0-301F-11D3-BF4B-00C04F79EFBC}") = "UnoBarcode.macOS", "UnoBarcode.macOS\UnoBarcode.macOS.csproj", "{27D5E634-C127-4E1C-880D-2856FD72143E}"
EndProject
Project("{FAE04EC0-301F-11D3-BF4B-00C04F79EFBC}") = "UnoBarcode.Skia.Wpf.Host", "UnoBarcode.Skia.Wpf.Host\UnoBarcode.Skia.Wpf.Host.csproj", "{EFFBDE15-AB4F-4C65-8B14-B486FD3989E8}"
EndProject
Project("{FAE04EC0-301F-11D3-BF4B-00C04F79EFBC}") = "UnoBarcode.Skia.Wpf", "UnoBarcode.Skia.Wpf\UnoBarcode.Skia.Wpf.csproj", "{6AE0A59C-B7B3-4CC8-8246-8BA7F821B954}"
EndProject
Project("{FAE04EC0-301F-11D3-BF4B-00C04F79EFBC}") = "UnoBarcode.Skia.Gtk", "UnoBarcode.Skia.Gtk\UnoBarcode.Skia.Gtk.csproj", "{5EDE283A-BCED-4CF8-99B8-7D4C464534B8}"
EndProject
Project("{FAE04EC0-301F-11D3-BF4B-00C04F79EFBC}") = "UnoBarcode.Skia.Tizen", "UnoBarcode.Skia.Tizen\UnoBarcode.Skia.Tizen.csproj", "{B2249EA8-D46A-416E-939F-BD283D1BBBC1}"
EndProject
Global
	GlobalSection(SolutionConfigurationPlatforms) = preSolution
		Ad-Hoc|Any CPU = Ad-Hoc|Any CPU
		Ad-Hoc|ARM = Ad-Hoc|ARM
		Ad-Hoc|ARM64 = Ad-Hoc|ARM64
		Ad-Hoc|iPhone = Ad-Hoc|iPhone
		Ad-Hoc|iPhoneSimulator = Ad-Hoc|iPhoneSimulator
		Ad-Hoc|x64 = Ad-Hoc|x64
		Ad-Hoc|x86 = Ad-Hoc|x86
		AppStore|Any CPU = AppStore|Any CPU
		AppStore|ARM = AppStore|ARM
		AppStore|ARM64 = AppStore|ARM64
		AppStore|iPhone = AppStore|iPhone
		AppStore|iPhoneSimulator = AppStore|iPhoneSimulator
		AppStore|x64 = AppStore|x64
		AppStore|x86 = AppStore|x86
		Debug|Any CPU = Debug|Any CPU
		Debug|ARM = Debug|ARM
		Debug|ARM64 = Debug|ARM64
		Debug|iPhone = Debug|iPhone
		Debug|iPhoneSimulator = Debug|iPhoneSimulator
		Debug|x64 = Debug|x64
		Debug|x86 = Debug|x86
		Release|Any CPU = Release|Any CPU
		Release|ARM = Release|ARM
		Release|ARM64 = Release|ARM64
		Release|iPhone = Release|iPhone
		Release|iPhoneSimulator = Release|iPhoneSimulator
		Release|x64 = Release|x64
		Release|x86 = Release|x86
	EndGlobalSection
	GlobalSection(ProjectConfigurationPlatforms) = postSolution
		{C6894CF1-261F-4DE6-8D7B-8146D8225275}.Ad-Hoc|Any CPU.ActiveCfg = Debug|Any CPU
		{C6894CF1-261F-4DE6-8D7B-8146D8225275}.Ad-Hoc|Any CPU.Build.0 = Debug|Any CPU
		{C6894CF1-261F-4DE6-8D7B-8146D8225275}.Ad-Hoc|Any CPU.Deploy.0 = Debug|Any CPU
		{C6894CF1-261F-4DE6-8D7B-8146D8225275}.Ad-Hoc|ARM.ActiveCfg = Debug|Any CPU
		{C6894CF1-261F-4DE6-8D7B-8146D8225275}.Ad-Hoc|ARM.Build.0 = Debug|Any CPU
		{C6894CF1-261F-4DE6-8D7B-8146D8225275}.Ad-Hoc|ARM.Deploy.0 = Debug|Any CPU
		{C6894CF1-261F-4DE6-8D7B-8146D8225275}.Ad-Hoc|ARM64.ActiveCfg = Debug|Any CPU
		{C6894CF1-261F-4DE6-8D7B-8146D8225275}.Ad-Hoc|ARM64.Build.0 = Debug|Any CPU
		{C6894CF1-261F-4DE6-8D7B-8146D8225275}.Ad-Hoc|ARM64.Deploy.0 = Debug|Any CPU
		{C6894CF1-261F-4DE6-8D7B-8146D8225275}.Ad-Hoc|iPhone.ActiveCfg = Debug|Any CPU
		{C6894CF1-261F-4DE6-8D7B-8146D8225275}.Ad-Hoc|iPhone.Build.0 = Debug|Any CPU
		{C6894CF1-261F-4DE6-8D7B-8146D8225275}.Ad-Hoc|iPhone.Deploy.0 = Debug|Any CPU
		{C6894CF1-261F-4DE6-8D7B-8146D8225275}.Ad-Hoc|iPhoneSimulator.ActiveCfg = Debug|Any CPU
		{C6894CF1-261F-4DE6-8D7B-8146D8225275}.Ad-Hoc|iPhoneSimulator.Build.0 = Debug|Any CPU
		{C6894CF1-261F-4DE6-8D7B-8146D8225275}.Ad-Hoc|iPhoneSimulator.Deploy.0 = Debug|Any CPU
		{C6894CF1-261F-4DE6-8D7B-8146D8225275}.Ad-Hoc|x64.ActiveCfg = Debug|Any CPU
		{C6894CF1-261F-4DE6-8D7B-8146D8225275}.Ad-Hoc|x64.Build.0 = Debug|Any CPU
		{C6894CF1-261F-4DE6-8D7B-8146D8225275}.Ad-Hoc|x64.Deploy.0 = Debug|Any CPU
		{C6894CF1-261F-4DE6-8D7B-8146D8225275}.Ad-Hoc|x86.ActiveCfg = Debug|Any CPU
		{C6894CF1-261F-4DE6-8D7B-8146D8225275}.Ad-Hoc|x86.Build.0 = Debug|Any CPU
		{C6894CF1-261F-4DE6-8D7B-8146D8225275}.Ad-Hoc|x86.Deploy.0 = Debug|Any CPU
		{C6894CF1-261F-4DE6-8D7B-8146D8225275}.AppStore|Any CPU.ActiveCfg = Debug|Any CPU
		{C6894CF1-261F-4DE6-8D7B-8146D8225275}.AppStore|Any CPU.Build.0 = Debug|Any CPU
		{C6894CF1-261F-4DE6-8D7B-8146D8225275}.AppStore|Any CPU.Deploy.0 = Debug|Any CPU
		{C6894CF1-261F-4DE6-8D7B-8146D8225275}.AppStore|ARM.ActiveCfg = Debug|Any CPU
		{C6894CF1-261F-4DE6-8D7B-8146D8225275}.AppStore|ARM.Build.0 = Debug|Any CPU
		{C6894CF1-261F-4DE6-8D7B-8146D8225275}.AppStore|ARM.Deploy.0 = Debug|Any CPU
		{C6894CF1-261F-4DE6-8D7B-8146D8225275}.AppStore|ARM64.ActiveCfg = Debug|Any CPU
		{C6894CF1-261F-4DE6-8D7B-8146D8225275}.AppStore|ARM64.Build.0 = Debug|Any CPU
		{C6894CF1-261F-4DE6-8D7B-8146D8225275}.AppStore|ARM64.Deploy.0 = Debug|Any CPU
		{C6894CF1-261F-4DE6-8D7B-8146D8225275}.AppStore|iPhone.ActiveCfg = Debug|Any CPU
		{C6894CF1-261F-4DE6-8D7B-8146D8225275}.AppStore|iPhone.Build.0 = Debug|Any CPU
		{C6894CF1-261F-4DE6-8D7B-8146D8225275}.AppStore|iPhone.Deploy.0 = Debug|Any CPU
		{C6894CF1-261F-4DE6-8D7B-8146D8225275}.AppStore|iPhoneSimulator.ActiveCfg = Debug|Any CPU
		{C6894CF1-261F-4DE6-8D7B-8146D8225275}.AppStore|iPhoneSimulator.Build.0 = Debug|Any CPU
		{C6894CF1-261F-4DE6-8D7B-8146D8225275}.AppStore|iPhoneSimulator.Deploy.0 = Debug|Any CPU
		{C6894CF1-261F-4DE6-8D7B-8146D8225275}.AppStore|x64.ActiveCfg = Debug|Any CPU
		{C6894CF1-261F-4DE6-8D7B-8146D8225275}.AppStore|x64.Build.0 = Debug|Any CPU
		{C6894CF1-261F-4DE6-8D7B-8146D8225275}.AppStore|x64.Deploy.0 = Debug|Any CPU
		{C6894CF1-261F-4DE6-8D7B-8146D8225275}.AppStore|x86.ActiveCfg = Debug|Any CPU
		{C6894CF1-261F-4DE6-8D7B-8146D8225275}.AppStore|x86.Build.0 = Debug|Any CPU
		{C6894CF1-261F-4DE6-8D7B-8146D8225275}.AppStore|x86.Deploy.0 = Debug|Any CPU
		{C6894CF1-261F-4DE6-8D7B-8146D8225275}.Debug|Any CPU.ActiveCfg = Debug|Any CPU
		{C6894CF1-261F-4DE6-8D7B-8146D8225275}.Debug|Any CPU.Build.0 = Debug|Any CPU
		{C6894CF1-261F-4DE6-8D7B-8146D8225275}.Debug|Any CPU.Deploy.0 = Debug|Any CPU
		{C6894CF1-261F-4DE6-8D7B-8146D8225275}.Debug|ARM.ActiveCfg = Debug|Any CPU
		{C6894CF1-261F-4DE6-8D7B-8146D8225275}.Debug|ARM.Build.0 = Debug|Any CPU
		{C6894CF1-261F-4DE6-8D7B-8146D8225275}.Debug|ARM.Deploy.0 = Debug|Any CPU
		{C6894CF1-261F-4DE6-8D7B-8146D8225275}.Debug|ARM64.ActiveCfg = Debug|Any CPU
		{C6894CF1-261F-4DE6-8D7B-8146D8225275}.Debug|ARM64.Build.0 = Debug|Any CPU
		{C6894CF1-261F-4DE6-8D7B-8146D8225275}.Debug|ARM64.Deploy.0 = Debug|Any CPU
		{C6894CF1-261F-4DE6-8D7B-8146D8225275}.Debug|iPhone.ActiveCfg = Debug|Any CPU
		{C6894CF1-261F-4DE6-8D7B-8146D8225275}.Debug|iPhone.Build.0 = Debug|Any CPU
		{C6894CF1-261F-4DE6-8D7B-8146D8225275}.Debug|iPhone.Deploy.0 = Debug|Any CPU
		{C6894CF1-261F-4DE6-8D7B-8146D8225275}.Debug|iPhoneSimulator.ActiveCfg = Debug|Any CPU
		{C6894CF1-261F-4DE6-8D7B-8146D8225275}.Debug|iPhoneSimulator.Build.0 = Debug|Any CPU
		{C6894CF1-261F-4DE6-8D7B-8146D8225275}.Debug|iPhoneSimulator.Deploy.0 = Debug|Any CPU
		{C6894CF1-261F-4DE6-8D7B-8146D8225275}.Debug|x64.ActiveCfg = Debug|Any CPU
		{C6894CF1-261F-4DE6-8D7B-8146D8225275}.Debug|x64.Build.0 = Debug|Any CPU
		{C6894CF1-261F-4DE6-8D7B-8146D8225275}.Debug|x64.Deploy.0 = Debug|Any CPU
		{C6894CF1-261F-4DE6-8D7B-8146D8225275}.Debug|x86.ActiveCfg = Debug|Any CPU
		{C6894CF1-261F-4DE6-8D7B-8146D8225275}.Debug|x86.Build.0 = Debug|Any CPU
		{C6894CF1-261F-4DE6-8D7B-8146D8225275}.Debug|x86.Deploy.0 = Debug|Any CPU
		{C6894CF1-261F-4DE6-8D7B-8146D8225275}.Release|Any CPU.ActiveCfg = Release|Any CPU
		{C6894CF1-261F-4DE6-8D7B-8146D8225275}.Release|Any CPU.Build.0 = Release|Any CPU
		{C6894CF1-261F-4DE6-8D7B-8146D8225275}.Release|Any CPU.Deploy.0 = Release|Any CPU
		{C6894CF1-261F-4DE6-8D7B-8146D8225275}.Release|ARM.ActiveCfg = Release|Any CPU
		{C6894CF1-261F-4DE6-8D7B-8146D8225275}.Release|ARM.Build.0 = Release|Any CPU
		{C6894CF1-261F-4DE6-8D7B-8146D8225275}.Release|ARM.Deploy.0 = Release|Any CPU
		{C6894CF1-261F-4DE6-8D7B-8146D8225275}.Release|ARM64.ActiveCfg = Release|Any CPU
		{C6894CF1-261F-4DE6-8D7B-8146D8225275}.Release|ARM64.Build.0 = Release|Any CPU
		{C6894CF1-261F-4DE6-8D7B-8146D8225275}.Release|ARM64.Deploy.0 = Release|Any CPU
		{C6894CF1-261F-4DE6-8D7B-8146D8225275}.Release|iPhone.ActiveCfg = Release|Any CPU
		{C6894CF1-261F-4DE6-8D7B-8146D8225275}.Release|iPhone.Build.0 = Release|Any CPU
		{C6894CF1-261F-4DE6-8D7B-8146D8225275}.Release|iPhone.Deploy.0 = Release|Any CPU
		{C6894CF1-261F-4DE6-8D7B-8146D8225275}.Release|iPhoneSimulator.ActiveCfg = Release|Any CPU
		{C6894CF1-261F-4DE6-8D7B-8146D8225275}.Release|iPhoneSimulator.Build.0 = Release|Any CPU
		{C6894CF1-261F-4DE6-8D7B-8146D8225275}.Release|iPhoneSimulator.Deploy.0 = Release|Any CPU
		{C6894CF1-261F-4DE6-8D7B-8146D8225275}.Release|x64.ActiveCfg = Release|Any CPU
		{C6894CF1-261F-4DE6-8D7B-8146D8225275}.Release|x64.Build.0 = Release|Any CPU
		{C6894CF1-261F-4DE6-8D7B-8146D8225275}.Release|x64.Deploy.0 = Release|Any CPU
		{C6894CF1-261F-4DE6-8D7B-8146D8225275}.Release|x86.ActiveCfg = Release|Any CPU
		{C6894CF1-261F-4DE6-8D7B-8146D8225275}.Release|x86.Build.0 = Release|Any CPU
		{C6894CF1-261F-4DE6-8D7B-8146D8225275}.Release|x86.Deploy.0 = Release|Any CPU
		{6DCEECE8-96B0-4B36-A10B-084A3D4AFA13}.Ad-Hoc|Any CPU.ActiveCfg = Ad-Hoc|iPhoneSimulator
		{6DCEECE8-96B0-4B36-A10B-084A3D4AFA13}.Ad-Hoc|Any CPU.Build.0 = Ad-Hoc|iPhoneSimulator
		{6DCEECE8-96B0-4B36-A10B-084A3D4AFA13}.Ad-Hoc|ARM.ActiveCfg = Ad-Hoc|iPhoneSimulator
		{6DCEECE8-96B0-4B36-A10B-084A3D4AFA13}.Ad-Hoc|ARM.Build.0 = Ad-Hoc|iPhoneSimulator
		{6DCEECE8-96B0-4B36-A10B-084A3D4AFA13}.Ad-Hoc|ARM64.ActiveCfg = Ad-Hoc|iPhoneSimulator
		{6DCEECE8-96B0-4B36-A10B-084A3D4AFA13}.Ad-Hoc|ARM64.Build.0 = Ad-Hoc|iPhoneSimulator
		{6DCEECE8-96B0-4B36-A10B-084A3D4AFA13}.Ad-Hoc|iPhone.ActiveCfg = Ad-Hoc|iPhone
		{6DCEECE8-96B0-4B36-A10B-084A3D4AFA13}.Ad-Hoc|iPhone.Build.0 = Ad-Hoc|iPhone
		{6DCEECE8-96B0-4B36-A10B-084A3D4AFA13}.Ad-Hoc|iPhoneSimulator.ActiveCfg = Ad-Hoc|iPhoneSimulator
		{6DCEECE8-96B0-4B36-A10B-084A3D4AFA13}.Ad-Hoc|iPhoneSimulator.Build.0 = Ad-Hoc|iPhoneSimulator
		{6DCEECE8-96B0-4B36-A10B-084A3D4AFA13}.Ad-Hoc|x64.ActiveCfg = Ad-Hoc|iPhoneSimulator
		{6DCEECE8-96B0-4B36-A10B-084A3D4AFA13}.Ad-Hoc|x64.Build.0 = Ad-Hoc|iPhoneSimulator
		{6DCEECE8-96B0-4B36-A10B-084A3D4AFA13}.Ad-Hoc|x86.ActiveCfg = Ad-Hoc|iPhoneSimulator
		{6DCEECE8-96B0-4B36-A10B-084A3D4AFA13}.Ad-Hoc|x86.Build.0 = Ad-Hoc|iPhoneSimulator
		{6DCEECE8-96B0-4B36-A10B-084A3D4AFA13}.AppStore|Any CPU.ActiveCfg = AppStore|iPhoneSimulator
		{6DCEECE8-96B0-4B36-A10B-084A3D4AFA13}.AppStore|Any CPU.Build.0 = AppStore|iPhoneSimulator
		{6DCEECE8-96B0-4B36-A10B-084A3D4AFA13}.AppStore|ARM.ActiveCfg = AppStore|iPhoneSimulator
		{6DCEECE8-96B0-4B36-A10B-084A3D4AFA13}.AppStore|ARM.Build.0 = AppStore|iPhoneSimulator
		{6DCEECE8-96B0-4B36-A10B-084A3D4AFA13}.AppStore|ARM64.ActiveCfg = AppStore|iPhoneSimulator
		{6DCEECE8-96B0-4B36-A10B-084A3D4AFA13}.AppStore|ARM64.Build.0 = AppStore|iPhoneSimulator
		{6DCEECE8-96B0-4B36-A10B-084A3D4AFA13}.AppStore|iPhone.ActiveCfg = AppStore|iPhone
		{6DCEECE8-96B0-4B36-A10B-084A3D4AFA13}.AppStore|iPhone.Build.0 = AppStore|iPhone
		{6DCEECE8-96B0-4B36-A10B-084A3D4AFA13}.AppStore|iPhoneSimulator.ActiveCfg = AppStore|iPhoneSimulator
		{6DCEECE8-96B0-4B36-A10B-084A3D4AFA13}.AppStore|iPhoneSimulator.Build.0 = AppStore|iPhoneSimulator
		{6DCEECE8-96B0-4B36-A10B-084A3D4AFA13}.AppStore|x64.ActiveCfg = AppStore|iPhoneSimulator
		{6DCEECE8-96B0-4B36-A10B-084A3D4AFA13}.AppStore|x64.Build.0 = AppStore|iPhoneSimulator
		{6DCEECE8-96B0-4B36-A10B-084A3D4AFA13}.AppStore|x86.ActiveCfg = AppStore|iPhoneSimulator
		{6DCEECE8-96B0-4B36-A10B-084A3D4AFA13}.AppStore|x86.Build.0 = AppStore|iPhoneSimulator
		{6DCEECE8-96B0-4B36-A10B-084A3D4AFA13}.Debug|Any CPU.ActiveCfg = Debug|iPhoneSimulator
		{6DCEECE8-96B0-4B36-A10B-084A3D4AFA13}.Debug|Any CPU.Build.0 = Debug|iPhoneSimulator
		{6DCEECE8-96B0-4B36-A10B-084A3D4AFA13}.Debug|ARM.ActiveCfg = Debug|iPhoneSimulator
		{6DCEECE8-96B0-4B36-A10B-084A3D4AFA13}.Debug|ARM.Build.0 = Debug|iPhoneSimulator
		{6DCEECE8-96B0-4B36-A10B-084A3D4AFA13}.Debug|ARM64.ActiveCfg = Debug|iPhoneSimulator
		{6DCEECE8-96B0-4B36-A10B-084A3D4AFA13}.Debug|ARM64.Build.0 = Debug|iPhoneSimulator
		{6DCEECE8-96B0-4B36-A10B-084A3D4AFA13}.Debug|iPhone.ActiveCfg = Debug|iPhone
		{6DCEECE8-96B0-4B36-A10B-084A3D4AFA13}.Debug|iPhone.Build.0 = Debug|iPhone
		{6DCEECE8-96B0-4B36-A10B-084A3D4AFA13}.Debug|iPhone.Deploy.0 = Debug|iPhone
		{6DCEECE8-96B0-4B36-A10B-084A3D4AFA13}.Debug|iPhoneSimulator.ActiveCfg = Debug|iPhoneSimulator
		{6DCEECE8-96B0-4B36-A10B-084A3D4AFA13}.Debug|iPhoneSimulator.Build.0 = Debug|iPhoneSimulator
		{6DCEECE8-96B0-4B36-A10B-084A3D4AFA13}.Debug|iPhoneSimulator.Deploy.0 = Debug|iPhoneSimulator
		{6DCEECE8-96B0-4B36-A10B-084A3D4AFA13}.Debug|x64.ActiveCfg = Debug|iPhoneSimulator
		{6DCEECE8-96B0-4B36-A10B-084A3D4AFA13}.Debug|x64.Build.0 = Debug|iPhoneSimulator
		{6DCEECE8-96B0-4B36-A10B-084A3D4AFA13}.Debug|x86.ActiveCfg = Debug|iPhoneSimulator
		{6DCEECE8-96B0-4B36-A10B-084A3D4AFA13}.Debug|x86.Build.0 = Debug|iPhoneSimulator
		{6DCEECE8-96B0-4B36-A10B-084A3D4AFA13}.Release|Any CPU.ActiveCfg = Release|iPhoneSimulator
		{6DCEECE8-96B0-4B36-A10B-084A3D4AFA13}.Release|Any CPU.Build.0 = Release|iPhoneSimulator
		{6DCEECE8-96B0-4B36-A10B-084A3D4AFA13}.Release|ARM.ActiveCfg = Release|iPhoneSimulator
		{6DCEECE8-96B0-4B36-A10B-084A3D4AFA13}.Release|ARM.Build.0 = Release|iPhoneSimulator
		{6DCEECE8-96B0-4B36-A10B-084A3D4AFA13}.Release|ARM64.ActiveCfg = Release|iPhoneSimulator
		{6DCEECE8-96B0-4B36-A10B-084A3D4AFA13}.Release|ARM64.Build.0 = Release|iPhoneSimulator
		{6DCEECE8-96B0-4B36-A10B-084A3D4AFA13}.Release|iPhone.ActiveCfg = Release|iPhone
		{6DCEECE8-96B0-4B36-A10B-084A3D4AFA13}.Release|iPhone.Build.0 = Release|iPhone
		{6DCEECE8-96B0-4B36-A10B-084A3D4AFA13}.Release|iPhoneSimulator.ActiveCfg = Release|iPhoneSimulator
		{6DCEECE8-96B0-4B36-A10B-084A3D4AFA13}.Release|iPhoneSimulator.Build.0 = Release|iPhoneSimulator
		{6DCEECE8-96B0-4B36-A10B-084A3D4AFA13}.Release|x64.ActiveCfg = Release|iPhoneSimulator
		{6DCEECE8-96B0-4B36-A10B-084A3D4AFA13}.Release|x64.Build.0 = Release|iPhoneSimulator
		{6DCEECE8-96B0-4B36-A10B-084A3D4AFA13}.Release|x86.ActiveCfg = Release|iPhoneSimulator
		{6DCEECE8-96B0-4B36-A10B-084A3D4AFA13}.Release|x86.Build.0 = Release|iPhoneSimulator
		{8BF04C77-E222-42C0-80E1-16AD5BF80BE8}.Ad-Hoc|Any CPU.ActiveCfg = Debug|x64
		{8BF04C77-E222-42C0-80E1-16AD5BF80BE8}.Ad-Hoc|Any CPU.Build.0 = Debug|x64
		{8BF04C77-E222-42C0-80E1-16AD5BF80BE8}.Ad-Hoc|Any CPU.Deploy.0 = Debug|x64
		{8BF04C77-E222-42C0-80E1-16AD5BF80BE8}.Ad-Hoc|ARM.ActiveCfg = Debug|ARM
		{8BF04C77-E222-42C0-80E1-16AD5BF80BE8}.Ad-Hoc|ARM.Build.0 = Debug|ARM
		{8BF04C77-E222-42C0-80E1-16AD5BF80BE8}.Ad-Hoc|ARM.Deploy.0 = Debug|ARM
		{8BF04C77-E222-42C0-80E1-16AD5BF80BE8}.Ad-Hoc|ARM64.ActiveCfg = Debug|ARM64
		{8BF04C77-E222-42C0-80E1-16AD5BF80BE8}.Ad-Hoc|ARM64.Build.0 = Debug|ARM64
		{8BF04C77-E222-42C0-80E1-16AD5BF80BE8}.Ad-Hoc|ARM64.Deploy.0 = Debug|ARM64
		{8BF04C77-E222-42C0-80E1-16AD5BF80BE8}.Ad-Hoc|iPhone.ActiveCfg = Debug|x64
		{8BF04C77-E222-42C0-80E1-16AD5BF80BE8}.Ad-Hoc|iPhone.Build.0 = Debug|x64
		{8BF04C77-E222-42C0-80E1-16AD5BF80BE8}.Ad-Hoc|iPhone.Deploy.0 = Debug|x64
		{8BF04C77-E222-42C0-80E1-16AD5BF80BE8}.Ad-Hoc|iPhoneSimulator.ActiveCfg = Debug|x64
		{8BF04C77-E222-42C0-80E1-16AD5BF80BE8}.Ad-Hoc|iPhoneSimulator.Build.0 = Debug|x64
		{8BF04C77-E222-42C0-80E1-16AD5BF80BE8}.Ad-Hoc|iPhoneSimulator.Deploy.0 = Debug|x64
		{8BF04C77-E222-42C0-80E1-16AD5BF80BE8}.Ad-Hoc|x64.ActiveCfg = Debug|x64
		{8BF04C77-E222-42C0-80E1-16AD5BF80BE8}.Ad-Hoc|x64.Build.0 = Debug|x64
		{8BF04C77-E222-42C0-80E1-16AD5BF80BE8}.Ad-Hoc|x64.Deploy.0 = Debug|x64
		{8BF04C77-E222-42C0-80E1-16AD5BF80BE8}.Ad-Hoc|x86.ActiveCfg = Debug|x86
		{8BF04C77-E222-42C0-80E1-16AD5BF80BE8}.Ad-Hoc|x86.Build.0 = Debug|x86
		{8BF04C77-E222-42C0-80E1-16AD5BF80BE8}.Ad-Hoc|x86.Deploy.0 = Debug|x86
		{8BF04C77-E222-42C0-80E1-16AD5BF80BE8}.AppStore|Any CPU.ActiveCfg = Debug|x64
		{8BF04C77-E222-42C0-80E1-16AD5BF80BE8}.AppStore|Any CPU.Build.0 = Debug|x64
		{8BF04C77-E222-42C0-80E1-16AD5BF80BE8}.AppStore|Any CPU.Deploy.0 = Debug|x64
		{8BF04C77-E222-42C0-80E1-16AD5BF80BE8}.AppStore|ARM.ActiveCfg = Debug|ARM
		{8BF04C77-E222-42C0-80E1-16AD5BF80BE8}.AppStore|ARM.Build.0 = Debug|ARM
		{8BF04C77-E222-42C0-80E1-16AD5BF80BE8}.AppStore|ARM.Deploy.0 = Debug|ARM
		{8BF04C77-E222-42C0-80E1-16AD5BF80BE8}.AppStore|ARM64.ActiveCfg = Debug|ARM64
		{8BF04C77-E222-42C0-80E1-16AD5BF80BE8}.AppStore|ARM64.Build.0 = Debug|ARM64
		{8BF04C77-E222-42C0-80E1-16AD5BF80BE8}.AppStore|ARM64.Deploy.0 = Debug|ARM64
		{8BF04C77-E222-42C0-80E1-16AD5BF80BE8}.AppStore|iPhone.ActiveCfg = Debug|x64
		{8BF04C77-E222-42C0-80E1-16AD5BF80BE8}.AppStore|iPhone.Build.0 = Debug|x64
		{8BF04C77-E222-42C0-80E1-16AD5BF80BE8}.AppStore|iPhone.Deploy.0 = Debug|x64
		{8BF04C77-E222-42C0-80E1-16AD5BF80BE8}.AppStore|iPhoneSimulator.ActiveCfg = Debug|x64
		{8BF04C77-E222-42C0-80E1-16AD5BF80BE8}.AppStore|iPhoneSimulator.Build.0 = Debug|x64
		{8BF04C77-E222-42C0-80E1-16AD5BF80BE8}.AppStore|iPhoneSimulator.Deploy.0 = Debug|x64
		{8BF04C77-E222-42C0-80E1-16AD5BF80BE8}.AppStore|x64.ActiveCfg = Debug|x64
		{8BF04C77-E222-42C0-80E1-16AD5BF80BE8}.AppStore|x64.Build.0 = Debug|x64
		{8BF04C77-E222-42C0-80E1-16AD5BF80BE8}.AppStore|x64.Deploy.0 = Debug|x64
		{8BF04C77-E222-42C0-80E1-16AD5BF80BE8}.AppStore|x86.ActiveCfg = Debug|x86
		{8BF04C77-E222-42C0-80E1-16AD5BF80BE8}.AppStore|x86.Build.0 = Debug|x86
		{8BF04C77-E222-42C0-80E1-16AD5BF80BE8}.AppStore|x86.Deploy.0 = Debug|x86
		{8BF04C77-E222-42C0-80E1-16AD5BF80BE8}.Debug|Any CPU.ActiveCfg = Debug|x64
		{8BF04C77-E222-42C0-80E1-16AD5BF80BE8}.Debug|Any CPU.Build.0 = Debug|x64
		{8BF04C77-E222-42C0-80E1-16AD5BF80BE8}.Debug|Any CPU.Deploy.0 = Debug|x64
		{8BF04C77-E222-42C0-80E1-16AD5BF80BE8}.Debug|ARM.ActiveCfg = Debug|ARM
		{8BF04C77-E222-42C0-80E1-16AD5BF80BE8}.Debug|ARM.Build.0 = Debug|ARM
		{8BF04C77-E222-42C0-80E1-16AD5BF80BE8}.Debug|ARM.Deploy.0 = Debug|ARM
		{8BF04C77-E222-42C0-80E1-16AD5BF80BE8}.Debug|ARM64.ActiveCfg = Debug|ARM64
		{8BF04C77-E222-42C0-80E1-16AD5BF80BE8}.Debug|ARM64.Build.0 = Debug|ARM64
		{8BF04C77-E222-42C0-80E1-16AD5BF80BE8}.Debug|ARM64.Deploy.0 = Debug|ARM64
		{8BF04C77-E222-42C0-80E1-16AD5BF80BE8}.Debug|iPhone.ActiveCfg = Debug|x64
		{8BF04C77-E222-42C0-80E1-16AD5BF80BE8}.Debug|iPhone.Build.0 = Debug|x64
		{8BF04C77-E222-42C0-80E1-16AD5BF80BE8}.Debug|iPhone.Deploy.0 = Debug|x64
		{8BF04C77-E222-42C0-80E1-16AD5BF80BE8}.Debug|iPhoneSimulator.ActiveCfg = Debug|x64
		{8BF04C77-E222-42C0-80E1-16AD5BF80BE8}.Debug|iPhoneSimulator.Build.0 = Debug|x64
		{8BF04C77-E222-42C0-80E1-16AD5BF80BE8}.Debug|iPhoneSimulator.Deploy.0 = Debug|x64
		{8BF04C77-E222-42C0-80E1-16AD5BF80BE8}.Debug|x64.ActiveCfg = Debug|x64
		{8BF04C77-E222-42C0-80E1-16AD5BF80BE8}.Debug|x64.Build.0 = Debug|x64
		{8BF04C77-E222-42C0-80E1-16AD5BF80BE8}.Debug|x64.Deploy.0 = Debug|x64
		{8BF04C77-E222-42C0-80E1-16AD5BF80BE8}.Debug|x86.ActiveCfg = Debug|x86
		{8BF04C77-E222-42C0-80E1-16AD5BF80BE8}.Debug|x86.Build.0 = Debug|x86
		{8BF04C77-E222-42C0-80E1-16AD5BF80BE8}.Debug|x86.Deploy.0 = Debug|x86
		{8BF04C77-E222-42C0-80E1-16AD5BF80BE8}.Release|Any CPU.ActiveCfg = Release|x64
		{8BF04C77-E222-42C0-80E1-16AD5BF80BE8}.Release|Any CPU.Build.0 = Release|x64
		{8BF04C77-E222-42C0-80E1-16AD5BF80BE8}.Release|Any CPU.Deploy.0 = Release|x64
		{8BF04C77-E222-42C0-80E1-16AD5BF80BE8}.Release|ARM.ActiveCfg = Release|ARM
		{8BF04C77-E222-42C0-80E1-16AD5BF80BE8}.Release|ARM.Build.0 = Release|ARM
		{8BF04C77-E222-42C0-80E1-16AD5BF80BE8}.Release|ARM.Deploy.0 = Release|ARM
		{8BF04C77-E222-42C0-80E1-16AD5BF80BE8}.Release|ARM64.ActiveCfg = Release|ARM64
		{8BF04C77-E222-42C0-80E1-16AD5BF80BE8}.Release|ARM64.Build.0 = Release|ARM64
		{8BF04C77-E222-42C0-80E1-16AD5BF80BE8}.Release|ARM64.Deploy.0 = Release|ARM64
		{8BF04C77-E222-42C0-80E1-16AD5BF80BE8}.Release|iPhone.ActiveCfg = Release|x64
		{8BF04C77-E222-42C0-80E1-16AD5BF80BE8}.Release|iPhone.Build.0 = Release|x64
		{8BF04C77-E222-42C0-80E1-16AD5BF80BE8}.Release|iPhone.Deploy.0 = Release|x64
		{8BF04C77-E222-42C0-80E1-16AD5BF80BE8}.Release|iPhoneSimulator.ActiveCfg = Release|x64
		{8BF04C77-E222-42C0-80E1-16AD5BF80BE8}.Release|iPhoneSimulator.Build.0 = Release|x64
		{8BF04C77-E222-42C0-80E1-16AD5BF80BE8}.Release|iPhoneSimulator.Deploy.0 = Release|x64
		{8BF04C77-E222-42C0-80E1-16AD5BF80BE8}.Release|x64.ActiveCfg = Release|x64
		{8BF04C77-E222-42C0-80E1-16AD5BF80BE8}.Release|x64.Build.0 = Release|x64
		{8BF04C77-E222-42C0-80E1-16AD5BF80BE8}.Release|x64.Deploy.0 = Release|x64
		{8BF04C77-E222-42C0-80E1-16AD5BF80BE8}.Release|x86.ActiveCfg = Release|x86
		{8BF04C77-E222-42C0-80E1-16AD5BF80BE8}.Release|x86.Build.0 = Release|x86
		{8BF04C77-E222-42C0-80E1-16AD5BF80BE8}.Release|x86.Deploy.0 = Release|x86
		{53F883BC-9B12-4BE4-80D7-2475A9F18BDC}.Ad-Hoc|Any CPU.ActiveCfg = Debug|Any CPU
		{53F883BC-9B12-4BE4-80D7-2475A9F18BDC}.Ad-Hoc|Any CPU.Build.0 = Debug|Any CPU
		{53F883BC-9B12-4BE4-80D7-2475A9F18BDC}.Ad-Hoc|ARM.ActiveCfg = Debug|Any CPU
		{53F883BC-9B12-4BE4-80D7-2475A9F18BDC}.Ad-Hoc|ARM.Build.0 = Debug|Any CPU
		{53F883BC-9B12-4BE4-80D7-2475A9F18BDC}.Ad-Hoc|ARM64.ActiveCfg = Debug|Any CPU
		{53F883BC-9B12-4BE4-80D7-2475A9F18BDC}.Ad-Hoc|ARM64.Build.0 = Debug|Any CPU
		{53F883BC-9B12-4BE4-80D7-2475A9F18BDC}.Ad-Hoc|iPhone.ActiveCfg = Debug|Any CPU
		{53F883BC-9B12-4BE4-80D7-2475A9F18BDC}.Ad-Hoc|iPhone.Build.0 = Debug|Any CPU
		{53F883BC-9B12-4BE4-80D7-2475A9F18BDC}.Ad-Hoc|iPhoneSimulator.ActiveCfg = Debug|Any CPU
		{53F883BC-9B12-4BE4-80D7-2475A9F18BDC}.Ad-Hoc|iPhoneSimulator.Build.0 = Debug|Any CPU
		{53F883BC-9B12-4BE4-80D7-2475A9F18BDC}.Ad-Hoc|x64.ActiveCfg = Debug|Any CPU
		{53F883BC-9B12-4BE4-80D7-2475A9F18BDC}.Ad-Hoc|x64.Build.0 = Debug|Any CPU
		{53F883BC-9B12-4BE4-80D7-2475A9F18BDC}.Ad-Hoc|x86.ActiveCfg = Debug|Any CPU
		{53F883BC-9B12-4BE4-80D7-2475A9F18BDC}.Ad-Hoc|x86.Build.0 = Debug|Any CPU
		{53F883BC-9B12-4BE4-80D7-2475A9F18BDC}.AppStore|Any CPU.ActiveCfg = Debug|Any CPU
		{53F883BC-9B12-4BE4-80D7-2475A9F18BDC}.AppStore|Any CPU.Build.0 = Debug|Any CPU
		{53F883BC-9B12-4BE4-80D7-2475A9F18BDC}.AppStore|ARM.ActiveCfg = Debug|Any CPU
		{53F883BC-9B12-4BE4-80D7-2475A9F18BDC}.AppStore|ARM.Build.0 = Debug|Any CPU
		{53F883BC-9B12-4BE4-80D7-2475A9F18BDC}.AppStore|ARM64.ActiveCfg = Debug|Any CPU
		{53F883BC-9B12-4BE4-80D7-2475A9F18BDC}.AppStore|ARM64.Build.0 = Debug|Any CPU
		{53F883BC-9B12-4BE4-80D7-2475A9F18BDC}.AppStore|iPhone.ActiveCfg = Debug|Any CPU
		{53F883BC-9B12-4BE4-80D7-2475A9F18BDC}.AppStore|iPhone.Build.0 = Debug|Any CPU
		{53F883BC-9B12-4BE4-80D7-2475A9F18BDC}.AppStore|iPhoneSimulator.ActiveCfg = Debug|Any CPU
		{53F883BC-9B12-4BE4-80D7-2475A9F18BDC}.AppStore|iPhoneSimulator.Build.0 = Debug|Any CPU
		{53F883BC-9B12-4BE4-80D7-2475A9F18BDC}.AppStore|x64.ActiveCfg = Debug|Any CPU
		{53F883BC-9B12-4BE4-80D7-2475A9F18BDC}.AppStore|x64.Build.0 = Debug|Any CPU
		{53F883BC-9B12-4BE4-80D7-2475A9F18BDC}.AppStore|x86.ActiveCfg = Debug|Any CPU
		{53F883BC-9B12-4BE4-80D7-2475A9F18BDC}.AppStore|x86.Build.0 = Debug|Any CPU
		{53F883BC-9B12-4BE4-80D7-2475A9F18BDC}.Debug|Any CPU.ActiveCfg = Debug|Any CPU
		{53F883BC-9B12-4BE4-80D7-2475A9F18BDC}.Debug|Any CPU.Build.0 = Debug|Any CPU
		{53F883BC-9B12-4BE4-80D7-2475A9F18BDC}.Debug|ARM.ActiveCfg = Debug|Any CPU
		{53F883BC-9B12-4BE4-80D7-2475A9F18BDC}.Debug|ARM.Build.0 = Debug|Any CPU
		{53F883BC-9B12-4BE4-80D7-2475A9F18BDC}.Debug|ARM64.ActiveCfg = Debug|Any CPU
		{53F883BC-9B12-4BE4-80D7-2475A9F18BDC}.Debug|ARM64.Build.0 = Debug|Any CPU
		{53F883BC-9B12-4BE4-80D7-2475A9F18BDC}.Debug|iPhone.ActiveCfg = Debug|Any CPU
		{53F883BC-9B12-4BE4-80D7-2475A9F18BDC}.Debug|iPhone.Build.0 = Debug|Any CPU
		{53F883BC-9B12-4BE4-80D7-2475A9F18BDC}.Debug|iPhoneSimulator.ActiveCfg = Debug|Any CPU
		{53F883BC-9B12-4BE4-80D7-2475A9F18BDC}.Debug|iPhoneSimulator.Build.0 = Debug|Any CPU
		{53F883BC-9B12-4BE4-80D7-2475A9F18BDC}.Debug|x64.ActiveCfg = Debug|Any CPU
		{53F883BC-9B12-4BE4-80D7-2475A9F18BDC}.Debug|x64.Build.0 = Debug|Any CPU
		{53F883BC-9B12-4BE4-80D7-2475A9F18BDC}.Debug|x86.ActiveCfg = Debug|Any CPU
		{53F883BC-9B12-4BE4-80D7-2475A9F18BDC}.Debug|x86.Build.0 = Debug|Any CPU
		{53F883BC-9B12-4BE4-80D7-2475A9F18BDC}.Release|Any CPU.ActiveCfg = Release|Any CPU
		{53F883BC-9B12-4BE4-80D7-2475A9F18BDC}.Release|Any CPU.Build.0 = Release|Any CPU
		{53F883BC-9B12-4BE4-80D7-2475A9F18BDC}.Release|ARM.ActiveCfg = Release|Any CPU
		{53F883BC-9B12-4BE4-80D7-2475A9F18BDC}.Release|ARM.Build.0 = Release|Any CPU
		{53F883BC-9B12-4BE4-80D7-2475A9F18BDC}.Release|ARM64.ActiveCfg = Release|Any CPU
		{53F883BC-9B12-4BE4-80D7-2475A9F18BDC}.Release|ARM64.Build.0 = Release|Any CPU
		{53F883BC-9B12-4BE4-80D7-2475A9F18BDC}.Release|iPhone.ActiveCfg = Release|Any CPU
		{53F883BC-9B12-4BE4-80D7-2475A9F18BDC}.Release|iPhone.Build.0 = Release|Any CPU
		{53F883BC-9B12-4BE4-80D7-2475A9F18BDC}.Release|iPhoneSimulator.ActiveCfg = Release|Any CPU
		{53F883BC-9B12-4BE4-80D7-2475A9F18BDC}.Release|iPhoneSimulator.Build.0 = Release|Any CPU
		{53F883BC-9B12-4BE4-80D7-2475A9F18BDC}.Release|x64.ActiveCfg = Release|Any CPU
		{53F883BC-9B12-4BE4-80D7-2475A9F18BDC}.Release|x64.Build.0 = Release|Any CPU
		{53F883BC-9B12-4BE4-80D7-2475A9F18BDC}.Release|x86.ActiveCfg = Release|Any CPU
		{53F883BC-9B12-4BE4-80D7-2475A9F18BDC}.Release|x86.Build.0 = Release|Any CPU
		{27D5E634-C127-4E1C-880D-2856FD72143E}.Ad-Hoc|Any CPU.ActiveCfg = Debug|iPhoneSimulator
		{27D5E634-C127-4E1C-880D-2856FD72143E}.Ad-Hoc|Any CPU.Build.0 = Debug|iPhoneSimulator
		{27D5E634-C127-4E1C-880D-2856FD72143E}.Ad-Hoc|ARM.ActiveCfg = Debug|iPhoneSimulator
		{27D5E634-C127-4E1C-880D-2856FD72143E}.Ad-Hoc|ARM.Build.0 = Debug|iPhoneSimulator
		{27D5E634-C127-4E1C-880D-2856FD72143E}.Ad-Hoc|ARM64.ActiveCfg = Debug|iPhoneSimulator
		{27D5E634-C127-4E1C-880D-2856FD72143E}.Ad-Hoc|ARM64.Build.0 = Debug|iPhoneSimulator
		{27D5E634-C127-4E1C-880D-2856FD72143E}.Ad-Hoc|iPhone.ActiveCfg = Debug|iPhoneSimulator
		{27D5E634-C127-4E1C-880D-2856FD72143E}.Ad-Hoc|iPhone.Build.0 = Debug|iPhoneSimulator
		{27D5E634-C127-4E1C-880D-2856FD72143E}.Ad-Hoc|iPhoneSimulator.ActiveCfg = Debug|iPhoneSimulator
		{27D5E634-C127-4E1C-880D-2856FD72143E}.Ad-Hoc|iPhoneSimulator.Build.0 = Debug|iPhoneSimulator
		{27D5E634-C127-4E1C-880D-2856FD72143E}.Ad-Hoc|x64.ActiveCfg = Debug|iPhoneSimulator
		{27D5E634-C127-4E1C-880D-2856FD72143E}.Ad-Hoc|x64.Build.0 = Debug|iPhoneSimulator
		{27D5E634-C127-4E1C-880D-2856FD72143E}.Ad-Hoc|x86.ActiveCfg = Debug|iPhoneSimulator
		{27D5E634-C127-4E1C-880D-2856FD72143E}.Ad-Hoc|x86.Build.0 = Debug|iPhoneSimulator
		{27D5E634-C127-4E1C-880D-2856FD72143E}.AppStore|Any CPU.ActiveCfg = Debug|iPhoneSimulator
		{27D5E634-C127-4E1C-880D-2856FD72143E}.AppStore|Any CPU.Build.0 = Debug|iPhoneSimulator
		{27D5E634-C127-4E1C-880D-2856FD72143E}.AppStore|ARM.ActiveCfg = Debug|iPhoneSimulator
		{27D5E634-C127-4E1C-880D-2856FD72143E}.AppStore|ARM.Build.0 = Debug|iPhoneSimulator
		{27D5E634-C127-4E1C-880D-2856FD72143E}.AppStore|ARM64.ActiveCfg = Debug|iPhoneSimulator
		{27D5E634-C127-4E1C-880D-2856FD72143E}.AppStore|ARM64.Build.0 = Debug|iPhoneSimulator
		{27D5E634-C127-4E1C-880D-2856FD72143E}.AppStore|iPhone.ActiveCfg = Debug|iPhoneSimulator
		{27D5E634-C127-4E1C-880D-2856FD72143E}.AppStore|iPhone.Build.0 = Debug|iPhoneSimulator
		{27D5E634-C127-4E1C-880D-2856FD72143E}.AppStore|iPhoneSimulator.ActiveCfg = Debug|iPhoneSimulator
		{27D5E634-C127-4E1C-880D-2856FD72143E}.AppStore|iPhoneSimulator.Build.0 = Debug|iPhoneSimulator
		{27D5E634-C127-4E1C-880D-2856FD72143E}.AppStore|x64.ActiveCfg = Debug|iPhoneSimulator
		{27D5E634-C127-4E1C-880D-2856FD72143E}.AppStore|x64.Build.0 = Debug|iPhoneSimulator
		{27D5E634-C127-4E1C-880D-2856FD72143E}.AppStore|x86.ActiveCfg = Debug|iPhoneSimulator
		{27D5E634-C127-4E1C-880D-2856FD72143E}.AppStore|x86.Build.0 = Debug|iPhoneSimulator
		{27D5E634-C127-4E1C-880D-2856FD72143E}.Debug|Any CPU.ActiveCfg = Debug|iPhoneSimulator
		{27D5E634-C127-4E1C-880D-2856FD72143E}.Debug|Any CPU.Build.0 = Debug|iPhoneSimulator
		{27D5E634-C127-4E1C-880D-2856FD72143E}.Debug|ARM.ActiveCfg = Debug|iPhoneSimulator
		{27D5E634-C127-4E1C-880D-2856FD72143E}.Debug|ARM.Build.0 = Debug|iPhoneSimulator
		{27D5E634-C127-4E1C-880D-2856FD72143E}.Debug|ARM64.ActiveCfg = Debug|iPhoneSimulator
		{27D5E634-C127-4E1C-880D-2856FD72143E}.Debug|ARM64.Build.0 = Debug|iPhoneSimulator
		{27D5E634-C127-4E1C-880D-2856FD72143E}.Debug|iPhone.ActiveCfg = Debug|iPhoneSimulator
		{27D5E634-C127-4E1C-880D-2856FD72143E}.Debug|iPhone.Build.0 = Debug|iPhoneSimulator
		{27D5E634-C127-4E1C-880D-2856FD72143E}.Debug|iPhoneSimulator.ActiveCfg = Debug|iPhoneSimulator
		{27D5E634-C127-4E1C-880D-2856FD72143E}.Debug|iPhoneSimulator.Build.0 = Debug|iPhoneSimulator
		{27D5E634-C127-4E1C-880D-2856FD72143E}.Debug|x64.ActiveCfg = Debug|iPhoneSimulator
		{27D5E634-C127-4E1C-880D-2856FD72143E}.Debug|x64.Build.0 = Debug|iPhoneSimulator
		{27D5E634-C127-4E1C-880D-2856FD72143E}.Debug|x86.ActiveCfg = Debug|iPhoneSimulator
		{27D5E634-C127-4E1C-880D-2856FD72143E}.Debug|x86.Build.0 = Debug|iPhoneSimulator
		{27D5E634-C127-4E1C-880D-2856FD72143E}.Release|Any CPU.ActiveCfg = Release|iPhoneSimulator
		{27D5E634-C127-4E1C-880D-2856FD72143E}.Release|Any CPU.Build.0 = Release|iPhoneSimulator
		{27D5E634-C127-4E1C-880D-2856FD72143E}.Release|ARM.ActiveCfg = Release|iPhoneSimulator
		{27D5E634-C127-4E1C-880D-2856FD72143E}.Release|ARM.Build.0 = Release|iPhoneSimulator
		{27D5E634-C127-4E1C-880D-2856FD72143E}.Release|ARM64.ActiveCfg = Release|iPhoneSimulator
		{27D5E634-C127-4E1C-880D-2856FD72143E}.Release|ARM64.Build.0 = Release|iPhoneSimulator
		{27D5E634-C127-4E1C-880D-2856FD72143E}.Release|iPhone.ActiveCfg = Release|iPhoneSimulator
		{27D5E634-C127-4E1C-880D-2856FD72143E}.Release|iPhone.Build.0 = Release|iPhoneSimulator
		{27D5E634-C127-4E1C-880D-2856FD72143E}.Release|iPhoneSimulator.ActiveCfg = Release|iPhoneSimulator
		{27D5E634-C127-4E1C-880D-2856FD72143E}.Release|iPhoneSimulator.Build.0 = Release|iPhoneSimulator
		{27D5E634-C127-4E1C-880D-2856FD72143E}.Release|x64.ActiveCfg = Release|iPhoneSimulator
		{27D5E634-C127-4E1C-880D-2856FD72143E}.Release|x64.Build.0 = Release|iPhoneSimulator
		{27D5E634-C127-4E1C-880D-2856FD72143E}.Release|x86.ActiveCfg = Release|iPhoneSimulator
		{27D5E634-C127-4E1C-880D-2856FD72143E}.Release|x86.Build.0 = Release|iPhoneSimulator
		{EFFBDE15-AB4F-4C65-8B14-B486FD3989E8}.Ad-Hoc|Any CPU.ActiveCfg = Debug|Any CPU
		{EFFBDE15-AB4F-4C65-8B14-B486FD3989E8}.Ad-Hoc|Any CPU.Build.0 = Debug|Any CPU
		{EFFBDE15-AB4F-4C65-8B14-B486FD3989E8}.Ad-Hoc|ARM.ActiveCfg = Debug|Any CPU
		{EFFBDE15-AB4F-4C65-8B14-B486FD3989E8}.Ad-Hoc|ARM.Build.0 = Debug|Any CPU
		{EFFBDE15-AB4F-4C65-8B14-B486FD3989E8}.Ad-Hoc|ARM64.ActiveCfg = Debug|Any CPU
		{EFFBDE15-AB4F-4C65-8B14-B486FD3989E8}.Ad-Hoc|ARM64.Build.0 = Debug|Any CPU
		{EFFBDE15-AB4F-4C65-8B14-B486FD3989E8}.Ad-Hoc|iPhone.ActiveCfg = Debug|Any CPU
		{EFFBDE15-AB4F-4C65-8B14-B486FD3989E8}.Ad-Hoc|iPhone.Build.0 = Debug|Any CPU
		{EFFBDE15-AB4F-4C65-8B14-B486FD3989E8}.Ad-Hoc|iPhoneSimulator.ActiveCfg = Debug|Any CPU
		{EFFBDE15-AB4F-4C65-8B14-B486FD3989E8}.Ad-Hoc|iPhoneSimulator.Build.0 = Debug|Any CPU
		{EFFBDE15-AB4F-4C65-8B14-B486FD3989E8}.Ad-Hoc|x64.ActiveCfg = Debug|Any CPU
		{EFFBDE15-AB4F-4C65-8B14-B486FD3989E8}.Ad-Hoc|x64.Build.0 = Debug|Any CPU
		{EFFBDE15-AB4F-4C65-8B14-B486FD3989E8}.Ad-Hoc|x86.ActiveCfg = Debug|Any CPU
		{EFFBDE15-AB4F-4C65-8B14-B486FD3989E8}.Ad-Hoc|x86.Build.0 = Debug|Any CPU
		{EFFBDE15-AB4F-4C65-8B14-B486FD3989E8}.AppStore|Any CPU.ActiveCfg = Debug|Any CPU
		{EFFBDE15-AB4F-4C65-8B14-B486FD3989E8}.AppStore|Any CPU.Build.0 = Debug|Any CPU
		{EFFBDE15-AB4F-4C65-8B14-B486FD3989E8}.AppStore|ARM.ActiveCfg = Debug|Any CPU
		{EFFBDE15-AB4F-4C65-8B14-B486FD3989E8}.AppStore|ARM.Build.0 = Debug|Any CPU
		{EFFBDE15-AB4F-4C65-8B14-B486FD3989E8}.AppStore|ARM64.ActiveCfg = Debug|Any CPU
		{EFFBDE15-AB4F-4C65-8B14-B486FD3989E8}.AppStore|ARM64.Build.0 = Debug|Any CPU
		{EFFBDE15-AB4F-4C65-8B14-B486FD3989E8}.AppStore|iPhone.ActiveCfg = Debug|Any CPU
		{EFFBDE15-AB4F-4C65-8B14-B486FD3989E8}.AppStore|iPhone.Build.0 = Debug|Any CPU
		{EFFBDE15-AB4F-4C65-8B14-B486FD3989E8}.AppStore|iPhoneSimulator.ActiveCfg = Debug|Any CPU
		{EFFBDE15-AB4F-4C65-8B14-B486FD3989E8}.AppStore|iPhoneSimulator.Build.0 = Debug|Any CPU
		{EFFBDE15-AB4F-4C65-8B14-B486FD3989E8}.AppStore|x64.ActiveCfg = Debug|Any CPU
		{EFFBDE15-AB4F-4C65-8B14-B486FD3989E8}.AppStore|x64.Build.0 = Debug|Any CPU
		{EFFBDE15-AB4F-4C65-8B14-B486FD3989E8}.AppStore|x86.ActiveCfg = Debug|Any CPU
		{EFFBDE15-AB4F-4C65-8B14-B486FD3989E8}.AppStore|x86.Build.0 = Debug|Any CPU
		{EFFBDE15-AB4F-4C65-8B14-B486FD3989E8}.Debug|Any CPU.ActiveCfg = Debug|Any CPU
		{EFFBDE15-AB4F-4C65-8B14-B486FD3989E8}.Debug|Any CPU.Build.0 = Debug|Any CPU
		{EFFBDE15-AB4F-4C65-8B14-B486FD3989E8}.Debug|ARM.ActiveCfg = Debug|Any CPU
		{EFFBDE15-AB4F-4C65-8B14-B486FD3989E8}.Debug|ARM.Build.0 = Debug|Any CPU
		{EFFBDE15-AB4F-4C65-8B14-B486FD3989E8}.Debug|ARM64.ActiveCfg = Debug|Any CPU
		{EFFBDE15-AB4F-4C65-8B14-B486FD3989E8}.Debug|ARM64.Build.0 = Debug|Any CPU
		{EFFBDE15-AB4F-4C65-8B14-B486FD3989E8}.Debug|iPhone.ActiveCfg = Debug|Any CPU
		{EFFBDE15-AB4F-4C65-8B14-B486FD3989E8}.Debug|iPhone.Build.0 = Debug|Any CPU
		{EFFBDE15-AB4F-4C65-8B14-B486FD3989E8}.Debug|iPhoneSimulator.ActiveCfg = Debug|Any CPU
		{EFFBDE15-AB4F-4C65-8B14-B486FD3989E8}.Debug|iPhoneSimulator.Build.0 = Debug|Any CPU
		{EFFBDE15-AB4F-4C65-8B14-B486FD3989E8}.Debug|x64.ActiveCfg = Debug|Any CPU
		{EFFBDE15-AB4F-4C65-8B14-B486FD3989E8}.Debug|x64.Build.0 = Debug|Any CPU
		{EFFBDE15-AB4F-4C65-8B14-B486FD3989E8}.Debug|x86.ActiveCfg = Debug|Any CPU
		{EFFBDE15-AB4F-4C65-8B14-B486FD3989E8}.Debug|x86.Build.0 = Debug|Any CPU
		{EFFBDE15-AB4F-4C65-8B14-B486FD3989E8}.Release|Any CPU.ActiveCfg = Release|Any CPU
		{EFFBDE15-AB4F-4C65-8B14-B486FD3989E8}.Release|Any CPU.Build.0 = Release|Any CPU
		{EFFBDE15-AB4F-4C65-8B14-B486FD3989E8}.Release|ARM.ActiveCfg = Release|Any CPU
		{EFFBDE15-AB4F-4C65-8B14-B486FD3989E8}.Release|ARM.Build.0 = Release|Any CPU
		{EFFBDE15-AB4F-4C65-8B14-B486FD3989E8}.Release|ARM64.ActiveCfg = Release|Any CPU
		{EFFBDE15-AB4F-4C65-8B14-B486FD3989E8}.Release|ARM64.Build.0 = Release|Any CPU
		{EFFBDE15-AB4F-4C65-8B14-B486FD3989E8}.Release|iPhone.ActiveCfg = Release|Any CPU
		{EFFBDE15-AB4F-4C65-8B14-B486FD3989E8}.Release|iPhone.Build.0 = Release|Any CPU
		{EFFBDE15-AB4F-4C65-8B14-B486FD3989E8}.Release|iPhoneSimulator.ActiveCfg = Release|Any CPU
		{EFFBDE15-AB4F-4C65-8B14-B486FD3989E8}.Release|iPhoneSimulator.Build.0 = Release|Any CPU
		{EFFBDE15-AB4F-4C65-8B14-B486FD3989E8}.Release|x64.ActiveCfg = Release|Any CPU
		{EFFBDE15-AB4F-4C65-8B14-B486FD3989E8}.Release|x64.Build.0 = Release|Any CPU
		{EFFBDE15-AB4F-4C65-8B14-B486FD3989E8}.Release|x86.ActiveCfg = Release|Any CPU
		{EFFBDE15-AB4F-4C65-8B14-B486FD3989E8}.Release|x86.Build.0 = Release|Any CPU
		{6AE0A59C-B7B3-4CC8-8246-8BA7F821B954}.Ad-Hoc|Any CPU.ActiveCfg = Debug|Any CPU
		{6AE0A59C-B7B3-4CC8-8246-8BA7F821B954}.Ad-Hoc|Any CPU.Build.0 = Debug|Any CPU
		{6AE0A59C-B7B3-4CC8-8246-8BA7F821B954}.Ad-Hoc|ARM.ActiveCfg = Debug|Any CPU
		{6AE0A59C-B7B3-4CC8-8246-8BA7F821B954}.Ad-Hoc|ARM.Build.0 = Debug|Any CPU
		{6AE0A59C-B7B3-4CC8-8246-8BA7F821B954}.Ad-Hoc|ARM64.ActiveCfg = Debug|Any CPU
		{6AE0A59C-B7B3-4CC8-8246-8BA7F821B954}.Ad-Hoc|ARM64.Build.0 = Debug|Any CPU
		{6AE0A59C-B7B3-4CC8-8246-8BA7F821B954}.Ad-Hoc|iPhone.ActiveCfg = Debug|Any CPU
		{6AE0A59C-B7B3-4CC8-8246-8BA7F821B954}.Ad-Hoc|iPhone.Build.0 = Debug|Any CPU
		{6AE0A59C-B7B3-4CC8-8246-8BA7F821B954}.Ad-Hoc|iPhoneSimulator.ActiveCfg = Debug|Any CPU
		{6AE0A59C-B7B3-4CC8-8246-8BA7F821B954}.Ad-Hoc|iPhoneSimulator.Build.0 = Debug|Any CPU
		{6AE0A59C-B7B3-4CC8-8246-8BA7F821B954}.Ad-Hoc|x64.ActiveCfg = Debug|Any CPU
		{6AE0A59C-B7B3-4CC8-8246-8BA7F821B954}.Ad-Hoc|x64.Build.0 = Debug|Any CPU
		{6AE0A59C-B7B3-4CC8-8246-8BA7F821B954}.Ad-Hoc|x86.ActiveCfg = Debug|Any CPU
		{6AE0A59C-B7B3-4CC8-8246-8BA7F821B954}.Ad-Hoc|x86.Build.0 = Debug|Any CPU
		{6AE0A59C-B7B3-4CC8-8246-8BA7F821B954}.AppStore|Any CPU.ActiveCfg = Debug|Any CPU
		{6AE0A59C-B7B3-4CC8-8246-8BA7F821B954}.AppStore|Any CPU.Build.0 = Debug|Any CPU
		{6AE0A59C-B7B3-4CC8-8246-8BA7F821B954}.AppStore|ARM.ActiveCfg = Debug|Any CPU
		{6AE0A59C-B7B3-4CC8-8246-8BA7F821B954}.AppStore|ARM.Build.0 = Debug|Any CPU
		{6AE0A59C-B7B3-4CC8-8246-8BA7F821B954}.AppStore|ARM64.ActiveCfg = Debug|Any CPU
		{6AE0A59C-B7B3-4CC8-8246-8BA7F821B954}.AppStore|ARM64.Build.0 = Debug|Any CPU
		{6AE0A59C-B7B3-4CC8-8246-8BA7F821B954}.AppStore|iPhone.ActiveCfg = Debug|Any CPU
		{6AE0A59C-B7B3-4CC8-8246-8BA7F821B954}.AppStore|iPhone.Build.0 = Debug|Any CPU
		{6AE0A59C-B7B3-4CC8-8246-8BA7F821B954}.AppStore|iPhoneSimulator.ActiveCfg = Debug|Any CPU
		{6AE0A59C-B7B3-4CC8-8246-8BA7F821B954}.AppStore|iPhoneSimulator.Build.0 = Debug|Any CPU
		{6AE0A59C-B7B3-4CC8-8246-8BA7F821B954}.AppStore|x64.ActiveCfg = Debug|Any CPU
		{6AE0A59C-B7B3-4CC8-8246-8BA7F821B954}.AppStore|x64.Build.0 = Debug|Any CPU
		{6AE0A59C-B7B3-4CC8-8246-8BA7F821B954}.AppStore|x86.ActiveCfg = Debug|Any CPU
		{6AE0A59C-B7B3-4CC8-8246-8BA7F821B954}.AppStore|x86.Build.0 = Debug|Any CPU
		{6AE0A59C-B7B3-4CC8-8246-8BA7F821B954}.Debug|Any CPU.ActiveCfg = Debug|Any CPU
		{6AE0A59C-B7B3-4CC8-8246-8BA7F821B954}.Debug|Any CPU.Build.0 = Debug|Any CPU
		{6AE0A59C-B7B3-4CC8-8246-8BA7F821B954}.Debug|ARM.ActiveCfg = Debug|Any CPU
		{6AE0A59C-B7B3-4CC8-8246-8BA7F821B954}.Debug|ARM.Build.0 = Debug|Any CPU
		{6AE0A59C-B7B3-4CC8-8246-8BA7F821B954}.Debug|ARM64.ActiveCfg = Debug|Any CPU
		{6AE0A59C-B7B3-4CC8-8246-8BA7F821B954}.Debug|ARM64.Build.0 = Debug|Any CPU
		{6AE0A59C-B7B3-4CC8-8246-8BA7F821B954}.Debug|iPhone.ActiveCfg = Debug|Any CPU
		{6AE0A59C-B7B3-4CC8-8246-8BA7F821B954}.Debug|iPhone.Build.0 = Debug|Any CPU
		{6AE0A59C-B7B3-4CC8-8246-8BA7F821B954}.Debug|iPhoneSimulator.ActiveCfg = Debug|Any CPU
		{6AE0A59C-B7B3-4CC8-8246-8BA7F821B954}.Debug|iPhoneSimulator.Build.0 = Debug|Any CPU
		{6AE0A59C-B7B3-4CC8-8246-8BA7F821B954}.Debug|x64.ActiveCfg = Debug|Any CPU
		{6AE0A59C-B7B3-4CC8-8246-8BA7F821B954}.Debug|x64.Build.0 = Debug|Any CPU
		{6AE0A59C-B7B3-4CC8-8246-8BA7F821B954}.Debug|x86.ActiveCfg = Debug|Any CPU
		{6AE0A59C-B7B3-4CC8-8246-8BA7F821B954}.Debug|x86.Build.0 = Debug|Any CPU
		{6AE0A59C-B7B3-4CC8-8246-8BA7F821B954}.Release|Any CPU.ActiveCfg = Release|Any CPU
		{6AE0A59C-B7B3-4CC8-8246-8BA7F821B954}.Release|Any CPU.Build.0 = Release|Any CPU
		{6AE0A59C-B7B3-4CC8-8246-8BA7F821B954}.Release|ARM.ActiveCfg = Release|Any CPU
		{6AE0A59C-B7B3-4CC8-8246-8BA7F821B954}.Release|ARM.Build.0 = Release|Any CPU
		{6AE0A59C-B7B3-4CC8-8246-8BA7F821B954}.Release|ARM64.ActiveCfg = Release|Any CPU
		{6AE0A59C-B7B3-4CC8-8246-8BA7F821B954}.Release|ARM64.Build.0 = Release|Any CPU
		{6AE0A59C-B7B3-4CC8-8246-8BA7F821B954}.Release|iPhone.ActiveCfg = Release|Any CPU
		{6AE0A59C-B7B3-4CC8-8246-8BA7F821B954}.Release|iPhone.Build.0 = Release|Any CPU
		{6AE0A59C-B7B3-4CC8-8246-8BA7F821B954}.Release|iPhoneSimulator.ActiveCfg = Release|Any CPU
		{6AE0A59C-B7B3-4CC8-8246-8BA7F821B954}.Release|iPhoneSimulator.Build.0 = Release|Any CPU
		{6AE0A59C-B7B3-4CC8-8246-8BA7F821B954}.Release|x64.ActiveCfg = Release|Any CPU
		{6AE0A59C-B7B3-4CC8-8246-8BA7F821B954}.Release|x64.Build.0 = Release|Any CPU
		{6AE0A59C-B7B3-4CC8-8246-8BA7F821B954}.Release|x86.ActiveCfg = Release|Any CPU
		{6AE0A59C-B7B3-4CC8-8246-8BA7F821B954}.Release|x86.Build.0 = Release|Any CPU
		{5EDE283A-BCED-4CF8-99B8-7D4C464534B8}.Ad-Hoc|Any CPU.ActiveCfg = Debug|Any CPU
		{5EDE283A-BCED-4CF8-99B8-7D4C464534B8}.Ad-Hoc|Any CPU.Build.0 = Debug|Any CPU
		{5EDE283A-BCED-4CF8-99B8-7D4C464534B8}.Ad-Hoc|ARM.ActiveCfg = Debug|Any CPU
		{5EDE283A-BCED-4CF8-99B8-7D4C464534B8}.Ad-Hoc|ARM.Build.0 = Debug|Any CPU
		{5EDE283A-BCED-4CF8-99B8-7D4C464534B8}.Ad-Hoc|ARM64.ActiveCfg = Debug|Any CPU
		{5EDE283A-BCED-4CF8-99B8-7D4C464534B8}.Ad-Hoc|ARM64.Build.0 = Debug|Any CPU
		{5EDE283A-BCED-4CF8-99B8-7D4C464534B8}.Ad-Hoc|iPhone.ActiveCfg = Debug|Any CPU
		{5EDE283A-BCED-4CF8-99B8-7D4C464534B8}.Ad-Hoc|iPhone.Build.0 = Debug|Any CPU
		{5EDE283A-BCED-4CF8-99B8-7D4C464534B8}.Ad-Hoc|iPhoneSimulator.ActiveCfg = Debug|Any CPU
		{5EDE283A-BCED-4CF8-99B8-7D4C464534B8}.Ad-Hoc|iPhoneSimulator.Build.0 = Debug|Any CPU
		{5EDE283A-BCED-4CF8-99B8-7D4C464534B8}.Ad-Hoc|x64.ActiveCfg = Debug|Any CPU
		{5EDE283A-BCED-4CF8-99B8-7D4C464534B8}.Ad-Hoc|x64.Build.0 = Debug|Any CPU
		{5EDE283A-BCED-4CF8-99B8-7D4C464534B8}.Ad-Hoc|x86.ActiveCfg = Debug|Any CPU
		{5EDE283A-BCED-4CF8-99B8-7D4C464534B8}.Ad-Hoc|x86.Build.0 = Debug|Any CPU
		{5EDE283A-BCED-4CF8-99B8-7D4C464534B8}.AppStore|Any CPU.ActiveCfg = Debug|Any CPU
		{5EDE283A-BCED-4CF8-99B8-7D4C464534B8}.AppStore|Any CPU.Build.0 = Debug|Any CPU
		{5EDE283A-BCED-4CF8-99B8-7D4C464534B8}.AppStore|ARM.ActiveCfg = Debug|Any CPU
		{5EDE283A-BCED-4CF8-99B8-7D4C464534B8}.AppStore|ARM.Build.0 = Debug|Any CPU
		{5EDE283A-BCED-4CF8-99B8-7D4C464534B8}.AppStore|ARM64.ActiveCfg = Debug|Any CPU
		{5EDE283A-BCED-4CF8-99B8-7D4C464534B8}.AppStore|ARM64.Build.0 = Debug|Any CPU
		{5EDE283A-BCED-4CF8-99B8-7D4C464534B8}.AppStore|iPhone.ActiveCfg = Debug|Any CPU
		{5EDE283A-BCED-4CF8-99B8-7D4C464534B8}.AppStore|iPhone.Build.0 = Debug|Any CPU
		{5EDE283A-BCED-4CF8-99B8-7D4C464534B8}.AppStore|iPhoneSimulator.ActiveCfg = Debug|Any CPU
		{5EDE283A-BCED-4CF8-99B8-7D4C464534B8}.AppStore|iPhoneSimulator.Build.0 = Debug|Any CPU
		{5EDE283A-BCED-4CF8-99B8-7D4C464534B8}.AppStore|x64.ActiveCfg = Debug|Any CPU
		{5EDE283A-BCED-4CF8-99B8-7D4C464534B8}.AppStore|x64.Build.0 = Debug|Any CPU
		{5EDE283A-BCED-4CF8-99B8-7D4C464534B8}.AppStore|x86.ActiveCfg = Debug|Any CPU
		{5EDE283A-BCED-4CF8-99B8-7D4C464534B8}.AppStore|x86.Build.0 = Debug|Any CPU
		{5EDE283A-BCED-4CF8-99B8-7D4C464534B8}.Debug|Any CPU.ActiveCfg = Debug|Any CPU
		{5EDE283A-BCED-4CF8-99B8-7D4C464534B8}.Debug|Any CPU.Build.0 = Debug|Any CPU
		{5EDE283A-BCED-4CF8-99B8-7D4C464534B8}.Debug|ARM.ActiveCfg = Debug|Any CPU
		{5EDE283A-BCED-4CF8-99B8-7D4C464534B8}.Debug|ARM.Build.0 = Debug|Any CPU
		{5EDE283A-BCED-4CF8-99B8-7D4C464534B8}.Debug|ARM64.ActiveCfg = Debug|Any CPU
		{5EDE283A-BCED-4CF8-99B8-7D4C464534B8}.Debug|ARM64.Build.0 = Debug|Any CPU
		{5EDE283A-BCED-4CF8-99B8-7D4C464534B8}.Debug|iPhone.ActiveCfg = Debug|Any CPU
		{5EDE283A-BCED-4CF8-99B8-7D4C464534B8}.Debug|iPhone.Build.0 = Debug|Any CPU
		{5EDE283A-BCED-4CF8-99B8-7D4C464534B8}.Debug|iPhoneSimulator.ActiveCfg = Debug|Any CPU
		{5EDE283A-BCED-4CF8-99B8-7D4C464534B8}.Debug|iPhoneSimulator.Build.0 = Debug|Any CPU
		{5EDE283A-BCED-4CF8-99B8-7D4C464534B8}.Debug|x64.ActiveCfg = Debug|Any CPU
		{5EDE283A-BCED-4CF8-99B8-7D4C464534B8}.Debug|x64.Build.0 = Debug|Any CPU
		{5EDE283A-BCED-4CF8-99B8-7D4C464534B8}.Debug|x86.ActiveCfg = Debug|Any CPU
		{5EDE283A-BCED-4CF8-99B8-7D4C464534B8}.Debug|x86.Build.0 = Debug|Any CPU
		{5EDE283A-BCED-4CF8-99B8-7D4C464534B8}.Release|Any CPU.ActiveCfg = Release|Any CPU
		{5EDE283A-BCED-4CF8-99B8-7D4C464534B8}.Release|Any CPU.Build.0 = Release|Any CPU
		{5EDE283A-BCED-4CF8-99B8-7D4C464534B8}.Release|ARM.ActiveCfg = Release|Any CPU
		{5EDE283A-BCED-4CF8-99B8-7D4C464534B8}.Release|ARM.Build.0 = Release|Any CPU
		{5EDE283A-BCED-4CF8-99B8-7D4C464534B8}.Release|ARM64.ActiveCfg = Release|Any CPU
		{5EDE283A-BCED-4CF8-99B8-7D4C464534B8}.Release|ARM64.Build.0 = Release|Any CPU
		{5EDE283A-BCED-4CF8-99B8-7D4C464534B8}.Release|iPhone.ActiveCfg = Release|Any CPU
		{5EDE283A-BCED-4CF8-99B8-7D4C464534B8}.Release|iPhone.Build.0 = Release|Any CPU
		{5EDE283A-BCED-4CF8-99B8-7D4C464534B8}.Release|iPhoneSimulator.ActiveCfg = Release|Any CPU
		{5EDE283A-BCED-4CF8-99B8-7D4C464534B8}.Release|iPhoneSimulator.Build.0 = Release|Any CPU
		{5EDE283A-BCED-4CF8-99B8-7D4C464534B8}.Release|x64.ActiveCfg = Release|Any CPU
		{5EDE283A-BCED-4CF8-99B8-7D4C464534B8}.Release|x64.Build.0 = Release|Any CPU
		{5EDE283A-BCED-4CF8-99B8-7D4C464534B8}.Release|x86.ActiveCfg = Release|Any CPU
		{5EDE283A-BCED-4CF8-99B8-7D4C464534B8}.Release|x86.Build.0 = Release|Any CPU
		{B2249EA8-D46A-416E-939F-BD283D1BBBC1}.Ad-Hoc|Any CPU.ActiveCfg = Debug|Any CPU
		{B2249EA8-D46A-416E-939F-BD283D1BBBC1}.Ad-Hoc|Any CPU.Build.0 = Debug|Any CPU
		{B2249EA8-D46A-416E-939F-BD283D1BBBC1}.Ad-Hoc|ARM.ActiveCfg = Debug|Any CPU
		{B2249EA8-D46A-416E-939F-BD283D1BBBC1}.Ad-Hoc|ARM.Build.0 = Debug|Any CPU
		{B2249EA8-D46A-416E-939F-BD283D1BBBC1}.Ad-Hoc|ARM64.ActiveCfg = Debug|Any CPU
		{B2249EA8-D46A-416E-939F-BD283D1BBBC1}.Ad-Hoc|ARM64.Build.0 = Debug|Any CPU
		{B2249EA8-D46A-416E-939F-BD283D1BBBC1}.Ad-Hoc|iPhone.ActiveCfg = Debug|Any CPU
		{B2249EA8-D46A-416E-939F-BD283D1BBBC1}.Ad-Hoc|iPhone.Build.0 = Debug|Any CPU
		{B2249EA8-D46A-416E-939F-BD283D1BBBC1}.Ad-Hoc|iPhoneSimulator.ActiveCfg = Debug|Any CPU
		{B2249EA8-D46A-416E-939F-BD283D1BBBC1}.Ad-Hoc|iPhoneSimulator.Build.0 = Debug|Any CPU
		{B2249EA8-D46A-416E-939F-BD283D1BBBC1}.Ad-Hoc|x64.ActiveCfg = Debug|Any CPU
		{B2249EA8-D46A-416E-939F-BD283D1BBBC1}.Ad-Hoc|x64.Build.0 = Debug|Any CPU
		{B2249EA8-D46A-416E-939F-BD283D1BBBC1}.Ad-Hoc|x86.ActiveCfg = Debug|Any CPU
		{B2249EA8-D46A-416E-939F-BD283D1BBBC1}.Ad-Hoc|x86.Build.0 = Debug|Any CPU
		{B2249EA8-D46A-416E-939F-BD283D1BBBC1}.AppStore|Any CPU.ActiveCfg = Debug|Any CPU
		{B2249EA8-D46A-416E-939F-BD283D1BBBC1}.AppStore|Any CPU.Build.0 = Debug|Any CPU
		{B2249EA8-D46A-416E-939F-BD283D1BBBC1}.AppStore|ARM.ActiveCfg = Debug|Any CPU
		{B2249EA8-D46A-416E-939F-BD283D1BBBC1}.AppStore|ARM.Build.0 = Debug|Any CPU
		{B2249EA8-D46A-416E-939F-BD283D1BBBC1}.AppStore|ARM64.ActiveCfg = Debug|Any CPU
		{B2249EA8-D46A-416E-939F-BD283D1BBBC1}.AppStore|ARM64.Build.0 = Debug|Any CPU
		{B2249EA8-D46A-416E-939F-BD283D1BBBC1}.AppStore|iPhone.ActiveCfg = Debug|Any CPU
		{B2249EA8-D46A-416E-939F-BD283D1BBBC1}.AppStore|iPhone.Build.0 = Debug|Any CPU
		{B2249EA8-D46A-416E-939F-BD283D1BBBC1}.AppStore|iPhoneSimulator.ActiveCfg = Debug|Any CPU
		{B2249EA8-D46A-416E-939F-BD283D1BBBC1}.AppStore|iPhoneSimulator.Build.0 = Debug|Any CPU
		{B2249EA8-D46A-416E-939F-BD283D1BBBC1}.AppStore|x64.ActiveCfg = Debug|Any CPU
		{B2249EA8-D46A-416E-939F-BD283D1BBBC1}.AppStore|x64.Build.0 = Debug|Any CPU
		{B2249EA8-D46A-416E-939F-BD283D1BBBC1}.AppStore|x86.ActiveCfg = Debug|Any CPU
		{B2249EA8-D46A-416E-939F-BD283D1BBBC1}.AppStore|x86.Build.0 = Debug|Any CPU
		{B2249EA8-D46A-416E-939F-BD283D1BBBC1}.Debug|Any CPU.ActiveCfg = Debug|Any CPU
		{B2249EA8-D46A-416E-939F-BD283D1BBBC1}.Debug|Any CPU.Build.0 = Debug|Any CPU
		{B2249EA8-D46A-416E-939F-BD283D1BBBC1}.Debug|ARM.ActiveCfg = Debug|Any CPU
		{B2249EA8-D46A-416E-939F-BD283D1BBBC1}.Debug|ARM.Build.0 = Debug|Any CPU
		{B2249EA8-D46A-416E-939F-BD283D1BBBC1}.Debug|ARM64.ActiveCfg = Debug|Any CPU
		{B2249EA8-D46A-416E-939F-BD283D1BBBC1}.Debug|ARM64.Build.0 = Debug|Any CPU
		{B2249EA8-D46A-416E-939F-BD283D1BBBC1}.Debug|iPhone.ActiveCfg = Debug|Any CPU
		{B2249EA8-D46A-416E-939F-BD283D1BBBC1}.Debug|iPhone.Build.0 = Debug|Any CPU
		{B2249EA8-D46A-416E-939F-BD283D1BBBC1}.Debug|iPhoneSimulator.ActiveCfg = Debug|Any CPU
		{B2249EA8-D46A-416E-939F-BD283D1BBBC1}.Debug|iPhoneSimulator.Build.0 = Debug|Any CPU
		{B2249EA8-D46A-416E-939F-BD283D1BBBC1}.Debug|x64.ActiveCfg = Debug|Any CPU
		{B2249EA8-D46A-416E-939F-BD283D1BBBC1}.Debug|x64.Build.0 = Debug|Any CPU
		{B2249EA8-D46A-416E-939F-BD283D1BBBC1}.Debug|x86.ActiveCfg = Debug|Any CPU
		{B2249EA8-D46A-416E-939F-BD283D1BBBC1}.Debug|x86.Build.0 = Debug|Any CPU
		{B2249EA8-D46A-416E-939F-BD283D1BBBC1}.Release|Any CPU.ActiveCfg = Release|Any CPU
		{B2249EA8-D46A-416E-939F-BD283D1BBBC1}.Release|Any CPU.Build.0 = Release|Any CPU
		{B2249EA8-D46A-416E-939F-BD283D1BBBC1}.Release|ARM.ActiveCfg = Release|Any CPU
		{B2249EA8-D46A-416E-939F-BD283D1BBBC1}.Release|ARM.Build.0 = Release|Any CPU
		{B2249EA8-D46A-416E-939F-BD283D1BBBC1}.Release|ARM64.ActiveCfg = Release|Any CPU
		{B2249EA8-D46A-416E-939F-BD283D1BBBC1}.Release|ARM64.Build.0 = Release|Any CPU
		{B2249EA8-D46A-416E-939F-BD283D1BBBC1}.Release|iPhone.ActiveCfg = Release|Any CPU
		{B2249EA8-D46A-416E-939F-BD283D1BBBC1}.Release|iPhone.Build.0 = Release|Any CPU
		{B2249EA8-D46A-416E-939F-BD283D1BBBC1}.Release|iPhoneSimulator.ActiveCfg = Release|Any CPU
		{B2249EA8-D46A-416E-939F-BD283D1BBBC1}.Release|iPhoneSimulator.Build.0 = Release|Any CPU
		{B2249EA8-D46A-416E-939F-BD283D1BBBC1}.Release|x64.ActiveCfg = Release|Any CPU
		{B2249EA8-D46A-416E-939F-BD283D1BBBC1}.Release|x64.Build.0 = Release|Any CPU
		{B2249EA8-D46A-416E-939F-BD283D1BBBC1}.Release|x86.ActiveCfg = Release|Any CPU
		{B2249EA8-D46A-416E-939F-BD283D1BBBC1}.Release|x86.Build.0 = Release|Any CPU
	EndGlobalSection
	GlobalSection(SolutionProperties) = preSolution
		HideSolutionNode = FALSE
	EndGlobalSection
	GlobalSection(NestedProjects) = preSolution
		{C6894CF1-261F-4DE6-8D7B-8146D8225275} = {7F4C76A0-BC08-41B5-ACE0-F310A8A38B88}
		{6DCEECE8-96B0-4B36-A10B-084A3D4AFA13} = {7F4C76A0-BC08-41B5-ACE0-F310A8A38B88}
		{8BF04C77-E222-42C0-80E1-16AD5BF80BE8} = {7F4C76A0-BC08-41B5-ACE0-F310A8A38B88}
		{53F883BC-9B12-4BE4-80D7-2475A9F18BDC} = {7F4C76A0-BC08-41B5-ACE0-F310A8A38B88}
		{27D5E634-C127-4E1C-880D-2856FD72143E} = {7F4C76A0-BC08-41B5-ACE0-F310A8A38B88}
		{EFFBDE15-AB4F-4C65-8B14-B486FD3989E8} = {7F4C76A0-BC08-41B5-ACE0-F310A8A38B88}
		{6AE0A59C-B7B3-4CC8-8246-8BA7F821B954} = {7F4C76A0-BC08-41B5-ACE0-F310A8A38B88}
		{5EDE283A-BCED-4CF8-99B8-7D4C464534B8} = {7F4C76A0-BC08-41B5-ACE0-F310A8A38B88}
		{B2249EA8-D46A-416E-939F-BD283D1BBBC1} = {7F4C76A0-BC08-41B5-ACE0-F310A8A38B88}
	EndGlobalSection
	GlobalSection(ExtensibilityGlobals) = postSolution
		SolutionGuid = {2EFE93A6-6078-4413-A9B9-0A4562946F5C}
	EndGlobalSection
	GlobalSection(SharedMSBuildProjectFiles) = preSolution
		UnoBarcode.Shared\UnoBarcode.Shared.projitems*{27d5e634-c127-4e1c-880d-2856fd72143e}*SharedItemsImports = 4
		UnoBarcode.Shared\UnoBarcode.Shared.projitems*{53f883bc-9b12-4be4-80d7-2475a9f18bdc}*SharedItemsImports = 5
		UnoBarcode.Shared\UnoBarcode.Shared.projitems*{5ede283a-bced-4cf8-99b8-7d4c464534b8}*SharedItemsImports = 5
		UnoBarcode.Shared\UnoBarcode.Shared.projitems*{6279c845-92f8-4333-ab99-3d213163593c}*SharedItemsImports = 13
		UnoBarcode.Shared\UnoBarcode.Shared.projitems*{6ae0a59c-b7b3-4cc8-8246-8ba7f821b954}*SharedItemsImports = 5
		UnoBarcode.Shared\UnoBarcode.Shared.projitems*{6dceece8-96b0-4b36-a10b-084a3d4afa13}*SharedItemsImports = 4
		UnoBarcode.Shared\UnoBarcode.Shared.projitems*{8bf04c77-e222-42c0-80e1-16ad5bf80be8}*SharedItemsImports = 4
		UnoBarcode.Shared\UnoBarcode.Shared.projitems*{b2249ea8-d46a-416e-939f-bd283d1bbbc1}*SharedItemsImports = 5
		UnoBarcode.Shared\UnoBarcode.Shared.projitems*{c6894cf1-261f-4de6-8d7b-8146d8225275}*SharedItemsImports = 4
	EndGlobalSection
EndGlobal
